// !$*UTF8*$!
{
	archiveVersion = 1;
	classes = {
	};
	objectVersion = 55;
	objects = {

/* Begin PBXBuildFile section */
		49069F3827A786DC001DA6F6 /* Destiny_DHD.swift in Sources */ = {isa = PBXBuildFile; fileRef = 49069F3727A786DC001DA6F6 /* Destiny_DHD.swift */; };
		49944BCB27976EE4008FFA32 /* DialHomeApp.swift in Sources */ = {isa = PBXBuildFile; fileRef = 49944BCA27976EE4008FFA32 /* DialHomeApp.swift */; };
		49944BCD27976EE4008FFA32 /* ContentView.swift in Sources */ = {isa = PBXBuildFile; fileRef = 49944BCC27976EE4008FFA32 /* ContentView.swift */; };
		49944BCF27976EE5008FFA32 /* Assets.xcassets in Resources */ = {isa = PBXBuildFile; fileRef = 49944BCE27976EE5008FFA32 /* Assets.xcassets */; };
		49944BD227976EE5008FFA32 /* Preview Assets.xcassets in Resources */ = {isa = PBXBuildFile; fileRef = 49944BD127976EE5008FFA32 /* Preview Assets.xcassets */; };
		49944BD727976EE5008FFA32 /* DialHomeApp.xcdatamodeld in Sources */ = {isa = PBXBuildFile; fileRef = 49944BD527976EE5008FFA32 /* DialHomeApp.xcdatamodeld */; };
		49944BE3279771EB008FFA32 /* Glyph.swift in Sources */ = {isa = PBXBuildFile; fileRef = 49944BDD279771EA008FFA32 /* Glyph.swift */; };
		49944BE5279771EB008FFA32 /* Address.swift in Sources */ = {isa = PBXBuildFile; fileRef = 49944BDF279771EA008FFA32 /* Address.swift */; };
		49944BE6279771EB008FFA32 /* Fonts in Resources */ = {isa = PBXBuildFile; fileRef = 49944BE0279771EB008FFA32 /* Fonts */; };
		49944BE7279771EB008FFA32 /* iPhoneDHD.swift in Sources */ = {isa = PBXBuildFile; fileRef = 49944BE1279771EB008FFA32 /* iPhoneDHD.swift */; };
		49944BE8279771EB008FFA32 /* SettingsView.swift in Sources */ = {isa = PBXBuildFile; fileRef = 49944BE2279771EB008FFA32 /* SettingsView.swift */; };
		49944BEC279772F8008FFA32 /* iPhoneDHD_MW.swift in Sources */ = {isa = PBXBuildFile; fileRef = 49944BEB279772F8008FFA32 /* iPhoneDHD_MW.swift */; };
		49944BEE27977308008FFA32 /* Pegasus_Database.swift in Sources */ = {isa = PBXBuildFile; fileRef = 49944BED27977308008FFA32 /* Pegasus_Database.swift */; };
		49944BF02797730D008FFA32 /* Destiny_Database.swift in Sources */ = {isa = PBXBuildFile; fileRef = 49944BEF2797730D008FFA32 /* Destiny_Database.swift */; };
		49944BF2279773BB008FFA32 /* press.mp3 in Resources */ = {isa = PBXBuildFile; fileRef = 49944BF1279773BB008FFA32 /* press.mp3 */; };
		49944BF427977550008FFA32 /* MilkyWay_Database.swift in Sources */ = {isa = PBXBuildFile; fileRef = 49944BF327977550008FFA32 /* MilkyWay_Database.swift */; };
		49CF854327B07F4900AD38E7 /* BLEManager.swift in Sources */ = {isa = PBXBuildFile; fileRef = 49CF854227B07F4900AD38E7 /* BLEManager.swift */; };
/* End PBXBuildFile section */

/* Begin PBXFileReference section */
		49069F3727A786DC001DA6F6 /* Destiny_DHD.swift */ = {isa = PBXFileReference; lastKnownFileType = sourcecode.swift; path = Destiny_DHD.swift; sourceTree = "<group>"; };
		49944BC727976EE4008FFA32 /* DialHome.app */ = {isa = PBXFileReference; explicitFileType = wrapper.application; includeInIndex = 0; path = DialHome.app; sourceTree = BUILT_PRODUCTS_DIR; };
		49944BCA27976EE4008FFA32 /* DialHomeApp.swift */ = {isa = PBXFileReference; lastKnownFileType = sourcecode.swift; path = DialHomeApp.swift; sourceTree = "<group>"; };
		49944BCC27976EE4008FFA32 /* ContentView.swift */ = {isa = PBXFileReference; lastKnownFileType = sourcecode.swift; path = ContentView.swift; sourceTree = "<group>"; };
		49944BCE27976EE5008FFA32 /* Assets.xcassets */ = {isa = PBXFileReference; lastKnownFileType = folder.assetcatalog; path = Assets.xcassets; sourceTree = "<group>"; };
		49944BD127976EE5008FFA32 /* Preview Assets.xcassets */ = {isa = PBXFileReference; lastKnownFileType = folder.assetcatalog; path = "Preview Assets.xcassets"; sourceTree = "<group>"; };
		49944BD627976EE5008FFA32 /* DialHomeApp.xcdatamodel */ = {isa = PBXFileReference; lastKnownFileType = wrapper.xcdatamodel; path = DialHomeApp.xcdatamodel; sourceTree = "<group>"; };
		49944BDD279771EA008FFA32 /* Glyph.swift */ = {isa = PBXFileReference; fileEncoding = 4; lastKnownFileType = sourcecode.swift; path = Glyph.swift; sourceTree = "<group>"; };
		49944BDF279771EA008FFA32 /* Address.swift */ = {isa = PBXFileReference; fileEncoding = 4; lastKnownFileType = sourcecode.swift; path = Address.swift; sourceTree = "<group>"; };
		49944BE0279771EB008FFA32 /* Fonts */ = {isa = PBXFileReference; lastKnownFileType = folder; path = Fonts; sourceTree = "<group>"; };
		49944BE1279771EB008FFA32 /* iPhoneDHD.swift */ = {isa = PBXFileReference; fileEncoding = 4; lastKnownFileType = sourcecode.swift; path = iPhoneDHD.swift; sourceTree = "<group>"; };
		49944BE2279771EB008FFA32 /* SettingsView.swift */ = {isa = PBXFileReference; fileEncoding = 4; lastKnownFileType = sourcecode.swift; path = SettingsView.swift; sourceTree = "<group>"; };
		49944BEB279772F8008FFA32 /* iPhoneDHD_MW.swift */ = {isa = PBXFileReference; fileEncoding = 4; lastKnownFileType = sourcecode.swift; path = iPhoneDHD_MW.swift; sourceTree = "<group>"; };
		49944BED27977308008FFA32 /* Pegasus_Database.swift */ = {isa = PBXFileReference; lastKnownFileType = sourcecode.swift; path = Pegasus_Database.swift; sourceTree = "<group>"; };
		49944BEF2797730D008FFA32 /* Destiny_Database.swift */ = {isa = PBXFileReference; lastKnownFileType = sourcecode.swift; path = Destiny_Database.swift; sourceTree = "<group>"; };
		49944BF1279773BB008FFA32 /* press.mp3 */ = {isa = PBXFileReference; lastKnownFileType = audio.mp3; path = press.mp3; sourceTree = "<group>"; };
		49944BF327977550008FFA32 /* MilkyWay_Database.swift */ = {isa = PBXFileReference; lastKnownFileType = sourcecode.swift; path = MilkyWay_Database.swift; sourceTree = "<group>"; };
		49944BF6279775B1008FFA32 /* DialHome-Info.plist */ = {isa = PBXFileReference; lastKnownFileType = text.plist; path = "DialHome-Info.plist"; sourceTree = "<group>"; };
		49CF854227B07F4900AD38E7 /* BLEManager.swift */ = {isa = PBXFileReference; lastKnownFileType = sourcecode.swift; path = BLEManager.swift; sourceTree = "<group>"; };
/* End PBXFileReference section */

/* Begin PBXFrameworksBuildPhase section */
		49944BC427976EE4008FFA32 /* Frameworks */ = {
			isa = PBXFrameworksBuildPhase;
			buildActionMask = 2147483647;
			files = (
			);
			runOnlyForDeploymentPostprocessing = 0;
		};
/* End PBXFrameworksBuildPhase section */

/* Begin PBXGroup section */
		49944BBE27976EE4008FFA32 = {
			isa = PBXGroup;
			children = (
				49944BF6279775B1008FFA32 /* DialHome-Info.plist */,
				49944BC927976EE4008FFA32 /* DialHomeApp */,
				49944BC827976EE4008FFA32 /* Products */,
			);
			sourceTree = "<group>";
		};
		49944BC827976EE4008FFA32 /* Products */ = {
			isa = PBXGroup;
			children = (
				49944BC727976EE4008FFA32 /* DialHome.app */,
			);
			name = Products;
			sourceTree = "<group>";
		};
		49944BC927976EE4008FFA32 /* DialHomeApp */ = {
			isa = PBXGroup;
			children = (
				49944BCA27976EE4008FFA32 /* DialHomeApp.swift */,
				49944BCC27976EE4008FFA32 /* ContentView.swift */,
				49944BF1279773BB008FFA32 /* press.mp3 */,
				49CF854227B07F4900AD38E7 /* BLEManager.swift */,
				49944BEB279772F8008FFA32 /* iPhoneDHD_MW.swift */,
				49069F3727A786DC001DA6F6 /* Destiny_DHD.swift */,
				49944BDF279771EA008FFA32 /* Address.swift */,
				49944BF52797755E008FFA32 /* Database Views */,
				49944BE0279771EB008FFA32 /* Fonts */,
				49944BDD279771EA008FFA32 /* Glyph.swift */,
				49944BE1279771EB008FFA32 /* iPhoneDHD.swift */,
				49944BE2279771EB008FFA32 /* SettingsView.swift */,
				49944BCE27976EE5008FFA32 /* Assets.xcassets */,
				49944BD527976EE5008FFA32 /* DialHomeApp.xcdatamodeld */,
				49944BD027976EE5008FFA32 /* Preview Content */,
			);
			path = DialHomeApp;
			sourceTree = "<group>";
		};
		49944BD027976EE5008FFA32 /* Preview Content */ = {
			isa = PBXGroup;
			children = (
				49944BD127976EE5008FFA32 /* Preview Assets.xcassets */,
			);
			path = "Preview Content";
			sourceTree = "<group>";
		};
		49944BF52797755E008FFA32 /* Database Views */ = {
			isa = PBXGroup;
			children = (
				49944BED27977308008FFA32 /* Pegasus_Database.swift */,
				49944BEF2797730D008FFA32 /* Destiny_Database.swift */,
				49944BF327977550008FFA32 /* MilkyWay_Database.swift */,
			);
			path = "Database Views";
			sourceTree = "<group>";
		};
/* End PBXGroup section */

/* Begin PBXNativeTarget section */
		49944BC627976EE4008FFA32 /* DialHome */ = {
			isa = PBXNativeTarget;
			buildConfigurationList = 49944BDA27976EE5008FFA32 /* Build configuration list for PBXNativeTarget "DialHome" */;
			buildPhases = (
				49944BC327976EE4008FFA32 /* Sources */,
				49944BC427976EE4008FFA32 /* Frameworks */,
				49944BC527976EE4008FFA32 /* Resources */,
			);
			buildRules = (
			);
			dependencies = (
			);
			name = DialHome;
			productName = DialHomeApp;
			productReference = 49944BC727976EE4008FFA32 /* DialHome.app */;
			productType = "com.apple.product-type.application";
		};
/* End PBXNativeTarget section */

/* Begin PBXProject section */
		49944BBF27976EE4008FFA32 /* Project object */ = {
			isa = PBXProject;
			attributes = {
				BuildIndependentTargetsInParallel = 1;
				LastSwiftUpdateCheck = 1320;
				LastUpgradeCheck = 1320;
				TargetAttributes = {
					49944BC627976EE4008FFA32 = {
						CreatedOnToolsVersion = 13.2.1;
					};
				};
			};
			buildConfigurationList = 49944BC227976EE4008FFA32 /* Build configuration list for PBXProject "DialHome" */;
			compatibilityVersion = "Xcode 13.0";
			developmentRegion = en;
			hasScannedForEncodings = 0;
			knownRegions = (
				en,
				Base,
			);
			mainGroup = 49944BBE27976EE4008FFA32;
			productRefGroup = 49944BC827976EE4008FFA32 /* Products */;
			projectDirPath = "";
			projectRoot = "";
			targets = (
				49944BC627976EE4008FFA32 /* DialHome */,
			);
		};
/* End PBXProject section */

/* Begin PBXResourcesBuildPhase section */
		49944BC527976EE4008FFA32 /* Resources */ = {
			isa = PBXResourcesBuildPhase;
			buildActionMask = 2147483647;
			files = (
				49944BD227976EE5008FFA32 /* Preview Assets.xcassets in Resources */,
				49944BCF27976EE5008FFA32 /* Assets.xcassets in Resources */,
				49944BE6279771EB008FFA32 /* Fonts in Resources */,
				49944BF2279773BB008FFA32 /* press.mp3 in Resources */,
			);
			runOnlyForDeploymentPostprocessing = 0;
		};
/* End PBXResourcesBuildPhase section */

/* Begin PBXSourcesBuildPhase section */
		49944BC327976EE4008FFA32 /* Sources */ = {
			isa = PBXSourcesBuildPhase;
			buildActionMask = 2147483647;
			files = (
				49944BF02797730D008FFA32 /* Destiny_Database.swift in Sources */,
				49944BE5279771EB008FFA32 /* Address.swift in Sources */,
				49944BF427977550008FFA32 /* MilkyWay_Database.swift in Sources */,
				49944BEC279772F8008FFA32 /* iPhoneDHD_MW.swift in Sources */,
				49944BE8279771EB008FFA32 /* SettingsView.swift in Sources */,
				49CF854327B07F4900AD38E7 /* BLEManager.swift in Sources */,
				49944BD727976EE5008FFA32 /* DialHomeApp.xcdatamodeld in Sources */,
				49944BCD27976EE4008FFA32 /* ContentView.swift in Sources */,
				49944BEE27977308008FFA32 /* Pegasus_Database.swift in Sources */,
				49944BE7279771EB008FFA32 /* iPhoneDHD.swift in Sources */,
				49944BE3279771EB008FFA32 /* Glyph.swift in Sources */,
				49944BCB27976EE4008FFA32 /* DialHomeApp.swift in Sources */,
				49069F3827A786DC001DA6F6 /* Destiny_DHD.swift in Sources */,
			);
			runOnlyForDeploymentPostprocessing = 0;
		};
/* End PBXSourcesBuildPhase section */

/* Begin XCBuildConfiguration section */
		49944BD827976EE5008FFA32 /* Debug */ = {
			isa = XCBuildConfiguration;
			buildSettings = {
				ALWAYS_SEARCH_USER_PATHS = NO;
				CLANG_ANALYZER_NONNULL = YES;
				CLANG_ANALYZER_NUMBER_OBJECT_CONVERSION = YES_AGGRESSIVE;
				CLANG_CXX_LANGUAGE_STANDARD = "gnu++17";
				CLANG_CXX_LIBRARY = "libc++";
				CLANG_ENABLE_MODULES = YES;
				CLANG_ENABLE_OBJC_ARC = YES;
				CLANG_ENABLE_OBJC_WEAK = YES;
				CLANG_WARN_BLOCK_CAPTURE_AUTORELEASING = YES;
				CLANG_WARN_BOOL_CONVERSION = YES;
				CLANG_WARN_COMMA = YES;
				CLANG_WARN_CONSTANT_CONVERSION = YES;
				CLANG_WARN_DEPRECATED_OBJC_IMPLEMENTATIONS = YES;
				CLANG_WARN_DIRECT_OBJC_ISA_USAGE = YES_ERROR;
				CLANG_WARN_DOCUMENTATION_COMMENTS = YES;
				CLANG_WARN_EMPTY_BODY = YES;
				CLANG_WARN_ENUM_CONVERSION = YES;
				CLANG_WARN_INFINITE_RECURSION = YES;
				CLANG_WARN_INT_CONVERSION = YES;
				CLANG_WARN_NON_LITERAL_NULL_CONVERSION = YES;
				CLANG_WARN_OBJC_IMPLICIT_RETAIN_SELF = YES;
				CLANG_WARN_OBJC_LITERAL_CONVERSION = YES;
				CLANG_WARN_OBJC_ROOT_CLASS = YES_ERROR;
				CLANG_WARN_QUOTED_INCLUDE_IN_FRAMEWORK_HEADER = YES;
				CLANG_WARN_RANGE_LOOP_ANALYSIS = YES;
				CLANG_WARN_STRICT_PROTOTYPES = YES;
				CLANG_WARN_SUSPICIOUS_MOVE = YES;
				CLANG_WARN_UNGUARDED_AVAILABILITY = YES_AGGRESSIVE;
				CLANG_WARN_UNREACHABLE_CODE = YES;
				CLANG_WARN__DUPLICATE_METHOD_MATCH = YES;
				COPY_PHASE_STRIP = NO;
				DEBUG_INFORMATION_FORMAT = dwarf;
				ENABLE_STRICT_OBJC_MSGSEND = YES;
				ENABLE_TESTABILITY = YES;
				GCC_C_LANGUAGE_STANDARD = gnu11;
				GCC_DYNAMIC_NO_PIC = NO;
				GCC_NO_COMMON_BLOCKS = YES;
				GCC_OPTIMIZATION_LEVEL = 0;
				GCC_PREPROCESSOR_DEFINITIONS = (
					"DEBUG=1",
					"$(inherited)",
				);
				GCC_WARN_64_TO_32_BIT_CONVERSION = YES;
				GCC_WARN_ABOUT_RETURN_TYPE = YES_ERROR;
				GCC_WARN_UNDECLARED_SELECTOR = YES;
				GCC_WARN_UNINITIALIZED_AUTOS = YES_AGGRESSIVE;
				GCC_WARN_UNUSED_FUNCTION = YES;
				GCC_WARN_UNUSED_VARIABLE = YES;
				IPHONEOS_DEPLOYMENT_TARGET = 15.2;
				MTL_ENABLE_DEBUG_INFO = INCLUDE_SOURCE;
				MTL_FAST_MATH = YES;
				ONLY_ACTIVE_ARCH = YES;
				SDKROOT = iphoneos;
				SWIFT_ACTIVE_COMPILATION_CONDITIONS = DEBUG;
				SWIFT_OPTIMIZATION_LEVEL = "-Onone";
			};
			name = Debug;
		};
		49944BD927976EE5008FFA32 /* Release */ = {
			isa = XCBuildConfiguration;
			buildSettings = {
				ALWAYS_SEARCH_USER_PATHS = NO;
				CLANG_ANALYZER_NONNULL = YES;
				CLANG_ANALYZER_NUMBER_OBJECT_CONVERSION = YES_AGGRESSIVE;
				CLANG_CXX_LANGUAGE_STANDARD = "gnu++17";
				CLANG_CXX_LIBRARY = "libc++";
				CLANG_ENABLE_MODULES = YES;
				CLANG_ENABLE_OBJC_ARC = YES;
				CLANG_ENABLE_OBJC_WEAK = YES;
				CLANG_WARN_BLOCK_CAPTURE_AUTORELEASING = YES;
				CLANG_WARN_BOOL_CONVERSION = YES;
				CLANG_WARN_COMMA = YES;
				CLANG_WARN_CONSTANT_CONVERSION = YES;
				CLANG_WARN_DEPRECATED_OBJC_IMPLEMENTATIONS = YES;
				CLANG_WARN_DIRECT_OBJC_ISA_USAGE = YES_ERROR;
				CLANG_WARN_DOCUMENTATION_COMMENTS = YES;
				CLANG_WARN_EMPTY_BODY = YES;
				CLANG_WARN_ENUM_CONVERSION = YES;
				CLANG_WARN_INFINITE_RECURSION = YES;
				CLANG_WARN_INT_CONVERSION = YES;
				CLANG_WARN_NON_LITERAL_NULL_CONVERSION = YES;
				CLANG_WARN_OBJC_IMPLICIT_RETAIN_SELF = YES;
				CLANG_WARN_OBJC_LITERAL_CONVERSION = YES;
				CLANG_WARN_OBJC_ROOT_CLASS = YES_ERROR;
				CLANG_WARN_QUOTED_INCLUDE_IN_FRAMEWORK_HEADER = YES;
				CLANG_WARN_RANGE_LOOP_ANALYSIS = YES;
				CLANG_WARN_STRICT_PROTOTYPES = YES;
				CLANG_WARN_SUSPICIOUS_MOVE = YES;
				CLANG_WARN_UNGUARDED_AVAILABILITY = YES_AGGRESSIVE;
				CLANG_WARN_UNREACHABLE_CODE = YES;
				CLANG_WARN__DUPLICATE_METHOD_MATCH = YES;
				COPY_PHASE_STRIP = NO;
				DEBUG_INFORMATION_FORMAT = "dwarf-with-dsym";
				ENABLE_NS_ASSERTIONS = NO;
				ENABLE_STRICT_OBJC_MSGSEND = YES;
				GCC_C_LANGUAGE_STANDARD = gnu11;
				GCC_NO_COMMON_BLOCKS = YES;
				GCC_WARN_64_TO_32_BIT_CONVERSION = YES;
				GCC_WARN_ABOUT_RETURN_TYPE = YES_ERROR;
				GCC_WARN_UNDECLARED_SELECTOR = YES;
				GCC_WARN_UNINITIALIZED_AUTOS = YES_AGGRESSIVE;
				GCC_WARN_UNUSED_FUNCTION = YES;
				GCC_WARN_UNUSED_VARIABLE = YES;
				IPHONEOS_DEPLOYMENT_TARGET = 15.2;
				MTL_ENABLE_DEBUG_INFO = NO;
				MTL_FAST_MATH = YES;
				SDKROOT = iphoneos;
				SWIFT_COMPILATION_MODE = wholemodule;
				SWIFT_OPTIMIZATION_LEVEL = "-O";
				VALIDATE_PRODUCT = YES;
			};
			name = Release;
		};
		49944BDB27976EE5008FFA32 /* Debug */ = {
			isa = XCBuildConfiguration;
			buildSettings = {
				ASSETCATALOG_COMPILER_APPICON_NAME = AppIcon;
				ASSETCATALOG_COMPILER_GLOBAL_ACCENT_COLOR_NAME = AccentColor;
				CODE_SIGN_STYLE = Automatic;
				CURRENT_PROJECT_VERSION = 1;
				DEVELOPMENT_ASSET_PATHS = "\"DialHomeApp/Preview Content\"";
				DEVELOPMENT_TEAM = 9L4U8B2WCY;
				ENABLE_PREVIEWS = YES;
				GENERATE_INFOPLIST_FILE = YES;
				INFOPLIST_FILE = "DialHome-Info.plist";
				INFOPLIST_KEY_UIApplicationSceneManifest_Generation = YES;
				INFOPLIST_KEY_UIApplicationSupportsIndirectInputEvents = YES;
				INFOPLIST_KEY_UILaunchScreen_Generation = YES;
				INFOPLIST_KEY_UISupportedInterfaceOrientations_iPad = "UIInterfaceOrientationPortrait UIInterfaceOrientationPortraitUpsideDown UIInterfaceOrientationLandscapeLeft UIInterfaceOrientationLandscapeRight";
				INFOPLIST_KEY_UISupportedInterfaceOrientations_iPhone = "UIInterfaceOrientationPortrait UIInterfaceOrientationLandscapeLeft UIInterfaceOrientationLandscapeRight";
				LD_RUNPATH_SEARCH_PATHS = (
					"$(inherited)",
					"@executable_path/Frameworks",
				);
				MARKETING_VERSION = 1.0;
				PRODUCT_BUNDLE_IDENTIFIER = Andrew.DialHome;
				PRODUCT_NAME = DialHome;
				SWIFT_EMIT_LOC_STRINGS = YES;
				SWIFT_VERSION = 5.0;
				TARGETED_DEVICE_FAMILY = "1,2";
			};
			name = Debug;
		};
		49944BDC27976EE5008FFA32 /* Release */ = {
			isa = XCBuildConfiguration;
			buildSettings = {
				ASSETCATALOG_COMPILER_APPICON_NAME = AppIcon;
				ASSETCATALOG_COMPILER_GLOBAL_ACCENT_COLOR_NAME = AccentColor;
				CODE_SIGN_STYLE = Automatic;
				CURRENT_PROJECT_VERSION = 1;
				DEVELOPMENT_ASSET_PATHS = "\"DialHomeApp/Preview Content\"";
				DEVELOPMENT_TEAM = 9L4U8B2WCY;
				ENABLE_PREVIEWS = YES;
				GENERATE_INFOPLIST_FILE = YES;
				INFOPLIST_FILE = "DialHome-Info.plist";
				INFOPLIST_KEY_UIApplicationSceneManifest_Generation = YES;
				INFOPLIST_KEY_UIApplicationSupportsIndirectInputEvents = YES;
				INFOPLIST_KEY_UILaunchScreen_Generation = YES;
				INFOPLIST_KEY_UISupportedInterfaceOrientations_iPad = "UIInterfaceOrientationPortrait UIInterfaceOrientationPortraitUpsideDown UIInterfaceOrientationLandscapeLeft UIInterfaceOrientationLandscapeRight";
				INFOPLIST_KEY_UISupportedInterfaceOrientations_iPhone = "UIInterfaceOrientationPortrait UIInterfaceOrientationLandscapeLeft UIInterfaceOrientationLandscapeRight";
				LD_RUNPATH_SEARCH_PATHS = (
					"$(inherited)",
					"@executable_path/Frameworks",
				);
				MARKETING_VERSION = 1.0;
				PRODUCT_BUNDLE_IDENTIFIER = Andrew.DialHome;
				PRODUCT_NAME = DialHome;
				SWIFT_EMIT_LOC_STRINGS = YES;
				SWIFT_VERSION = 5.0;
				TARGETED_DEVICE_FAMILY = "1,2";
			};
			name = Release;
		};
/* End XCBuildConfiguration section */

/* Begin XCConfigurationList section */
		49944BC227976EE4008FFA32 /* Build configuration list for PBXProject "DialHome" */ = {
			isa = XCConfigurationList;
			buildConfigurations = (
				49944BD827976EE5008FFA32 /* Debug */,
				49944BD927976EE5008FFA32 /* Release */,
			);
			defaultConfigurationIsVisible = 0;
			defaultConfigurationName = Release;
		};
		49944BDA27976EE5008FFA32 /* Build configuration list for PBXNativeTarget "DialHome" */ = {
			isa = XCConfigurationList;
			buildConfigurations = (
				49944BDB27976EE5008FFA32 /* Debug */,
				49944BDC27976EE5008FFA32 /* Release */,
			);
			defaultConfigurationIsVisible = 0;
			defaultConfigurationName = Release;
		};
/* End XCConfigurationList section */

/* Begin XCVersionGroup section */
		49944BD527976EE5008FFA32 /* DialHomeApp.xcdatamodeld */ = {
			isa = XCVersionGroup;
			children = (
				49944BD627976EE5008FFA32 /* DialHomeApp.xcdatamodel */,
			);
			currentVersion = 49944BD627976EE5008FFA32 /* DialHomeApp.xcdatamodel */;
			path = DialHomeApp.xcdatamodeld;
			sourceTree = "<group>";
			versionGroupType = wrapper.xcdatamodel;
		};
/* End XCVersionGroup section */
	};
	rootObject = 49944BBF27976EE4008FFA32 /* Project object */;
}
